// !$*UTF8*$!
{
	archiveVersion = 1;
	classes = {
	};
	objectVersion = 56;
	objects = {

/* Begin PBXBuildFile section */
		741008392973462C0054A4D4 /* PQTDApp.swift in Sources */ = {isa = PBXBuildFile; fileRef = 741008382973462C0054A4D4 /* PQTDApp.swift */; };
		7410083D2973462D0054A4D4 /* Assets.xcassets in Resources */ = {isa = PBXBuildFile; fileRef = 7410083C2973462D0054A4D4 /* Assets.xcassets */; };
		741008402973462D0054A4D4 /* Preview Assets.xcassets in Resources */ = {isa = PBXBuildFile; fileRef = 7410083F2973462D0054A4D4 /* Preview Assets.xcassets */; };
		7410084D297348260054A4D4 /* ListRowView.swift in Sources */ = {isa = PBXBuildFile; fileRef = 7410084C297348260054A4D4 /* ListRowView.swift */; };
		7410084F29734A780054A4D4 /* AddTaskView.swift in Sources */ = {isa = PBXBuildFile; fileRef = 7410084E29734A780054A4D4 /* AddTaskView.swift */; };
		7410085229734F840054A4D4 /* ItemModel.swift in Sources */ = {isa = PBXBuildFile; fileRef = 7410085129734F840054A4D4 /* ItemModel.swift */; };
		7410085629735D990054A4D4 /* ListViewModel.swift in Sources */ = {isa = PBXBuildFile; fileRef = 7410085529735D990054A4D4 /* ListViewModel.swift */; };
		7410085829735E250054A4D4 /* ListView.swift in Sources */ = {isa = PBXBuildFile; fileRef = 7410085729735E250054A4D4 /* ListView.swift */; };
		7410085A29748FEA0054A4D4 /* IndexedPriorityQueueModel.swift in Sources */ = {isa = PBXBuildFile; fileRef = 7410085929748FEA0054A4D4 /* IndexedPriorityQueueModel.swift */; };
		7410085C2974E0680054A4D4 /* NoItemsView.swift in Sources */ = {isa = PBXBuildFile; fileRef = 7410085B2974E0680054A4D4 /* NoItemsView.swift */; };
		7410085E2974E9E50054A4D4 /* LaunchScreen.storyboard in Resources */ = {isa = PBXBuildFile; fileRef = 7410085D2974E9E50054A4D4 /* LaunchScreen.storyboard */; };
		741008602974ED2F0054A4D4 /* BottomTabView.swift in Sources */ = {isa = PBXBuildFile; fileRef = 7410085F2974ED2F0054A4D4 /* BottomTabView.swift */; };
		741008622974F25A0054A4D4 /* TimerView.swift in Sources */ = {isa = PBXBuildFile; fileRef = 741008612974F25A0054A4D4 /* TimerView.swift */; };
		741008642974F4430054A4D4 /* SettingsView.swift in Sources */ = {isa = PBXBuildFile; fileRef = 741008632974F4430054A4D4 /* SettingsView.swift */; };
		741008662974F4860054A4D4 /* AddCategoryView.swift in Sources */ = {isa = PBXBuildFile; fileRef = 741008652974F4860054A4D4 /* AddCategoryView.swift */; };
		741008682974F4A30054A4D4 /* CategoryModel.swift in Sources */ = {isa = PBXBuildFile; fileRef = 741008672974F4A30054A4D4 /* CategoryModel.swift */; };
		7410086A2974F6890054A4D4 /* CategoryViewModel.swift in Sources */ = {isa = PBXBuildFile; fileRef = 741008692974F6890054A4D4 /* CategoryViewModel.swift */; };
/* End PBXBuildFile section */

/* Begin PBXFileReference section */
		741008352973462C0054A4D4 /* PQTD.app */ = {isa = PBXFileReference; explicitFileType = wrapper.application; includeInIndex = 0; path = PQTD.app; sourceTree = BUILT_PRODUCTS_DIR; };
		741008382973462C0054A4D4 /* PQTDApp.swift */ = {isa = PBXFileReference; lastKnownFileType = sourcecode.swift; path = PQTDApp.swift; sourceTree = "<group>"; };
		7410083C2973462D0054A4D4 /* Assets.xcassets */ = {isa = PBXFileReference; lastKnownFileType = folder.assetcatalog; path = Assets.xcassets; sourceTree = "<group>"; };
		7410083F2973462D0054A4D4 /* Preview Assets.xcassets */ = {isa = PBXFileReference; lastKnownFileType = folder.assetcatalog; path = "Preview Assets.xcassets"; sourceTree = "<group>"; };
		7410084C297348260054A4D4 /* ListRowView.swift */ = {isa = PBXFileReference; lastKnownFileType = sourcecode.swift; path = ListRowView.swift; sourceTree = "<group>"; };
		7410084E29734A780054A4D4 /* AddTaskView.swift */ = {isa = PBXFileReference; lastKnownFileType = sourcecode.swift; path = AddTaskView.swift; sourceTree = "<group>"; };
		7410085129734F840054A4D4 /* ItemModel.swift */ = {isa = PBXFileReference; lastKnownFileType = sourcecode.swift; path = ItemModel.swift; sourceTree = "<group>"; };
		7410085529735D990054A4D4 /* ListViewModel.swift */ = {isa = PBXFileReference; lastKnownFileType = sourcecode.swift; path = ListViewModel.swift; sourceTree = "<group>"; };
		7410085729735E250054A4D4 /* ListView.swift */ = {isa = PBXFileReference; fileEncoding = 4; lastKnownFileType = sourcecode.swift; name = ListView.swift; path = ../../../../.Trash/ListView.swift; sourceTree = "<group>"; };
		7410085929748FEA0054A4D4 /* IndexedPriorityQueueModel.swift */ = {isa = PBXFileReference; lastKnownFileType = sourcecode.swift; path = IndexedPriorityQueueModel.swift; sourceTree = "<group>"; };
		7410085B2974E0680054A4D4 /* NoItemsView.swift */ = {isa = PBXFileReference; lastKnownFileType = sourcecode.swift; path = NoItemsView.swift; sourceTree = "<group>"; };
		7410085D2974E9E50054A4D4 /* LaunchScreen.storyboard */ = {isa = PBXFileReference; lastKnownFileType = file.storyboard; path = LaunchScreen.storyboard; sourceTree = "<group>"; };
		7410085F2974ED2F0054A4D4 /* BottomTabView.swift */ = {isa = PBXFileReference; lastKnownFileType = sourcecode.swift; path = BottomTabView.swift; sourceTree = "<group>"; };
		741008612974F25A0054A4D4 /* TimerView.swift */ = {isa = PBXFileReference; lastKnownFileType = sourcecode.swift; path = TimerView.swift; sourceTree = "<group>"; };
		741008632974F4430054A4D4 /* SettingsView.swift */ = {isa = PBXFileReference; lastKnownFileType = sourcecode.swift; path = SettingsView.swift; sourceTree = "<group>"; };
		741008652974F4860054A4D4 /* AddCategoryView.swift */ = {isa = PBXFileReference; lastKnownFileType = sourcecode.swift; path = AddCategoryView.swift; sourceTree = "<group>"; };
		741008672974F4A30054A4D4 /* CategoryModel.swift */ = {isa = PBXFileReference; lastKnownFileType = sourcecode.swift; path = CategoryModel.swift; sourceTree = "<group>"; };
		741008692974F6890054A4D4 /* CategoryViewModel.swift */ = {isa = PBXFileReference; lastKnownFileType = sourcecode.swift; path = CategoryViewModel.swift; sourceTree = "<group>"; };
/* End PBXFileReference section */

/* Begin PBXFrameworksBuildPhase section */
		741008322973462C0054A4D4 /* Frameworks */ = {
			isa = PBXFrameworksBuildPhase;
			buildActionMask = 2147483647;
			files = (
			);
			runOnlyForDeploymentPostprocessing = 0;
		};
/* End PBXFrameworksBuildPhase section */

/* Begin PBXGroup section */
		7410082C2973462C0054A4D4 = {
			isa = PBXGroup;
			children = (
				741008372973462C0054A4D4 /* PQTD */,
				741008362973462C0054A4D4 /* Products */,
			);
			sourceTree = "<group>";
		};
		741008362973462C0054A4D4 /* Products */ = {
			isa = PBXGroup;
			children = (
				741008352973462C0054A4D4 /* PQTD.app */,
			);
			name = Products;
			sourceTree = "<group>";
		};
		741008372973462C0054A4D4 /* PQTD */ = {
			isa = PBXGroup;
			children = (
				741008382973462C0054A4D4 /* PQTDApp.swift */,
				7410085029734F710054A4D4 /* Models */,
				74100847297346C00054A4D4 /* Views */,
				7410083C2973462D0054A4D4 /* Assets.xcassets */,
				7410085429735D690054A4D4 /* ViewModels */,
				7410083E2973462D0054A4D4 /* Preview Content */,
			);
			path = PQTD;
			sourceTree = "<group>";
		};
		7410083E2973462D0054A4D4 /* Preview Content */ = {
			isa = PBXGroup;
			children = (
				7410083F2973462D0054A4D4 /* Preview Assets.xcassets */,
			);
			path = "Preview Content";
			sourceTree = "<group>";
		};
		74100847297346C00054A4D4 /* Views */ = {
			isa = PBXGroup;
			children = (
				7410085729735E250054A4D4 /* ListView.swift */,
				7410084C297348260054A4D4 /* ListRowView.swift */,
				7410084E29734A780054A4D4 /* AddTaskView.swift */,
				7410085B2974E0680054A4D4 /* NoItemsView.swift */,
				7410085D2974E9E50054A4D4 /* LaunchScreen.storyboard */,
				7410085F2974ED2F0054A4D4 /* BottomTabView.swift */,
				741008612974F25A0054A4D4 /* TimerView.swift */,
				741008652974F4860054A4D4 /* AddCategoryView.swift */,
				741008632974F4430054A4D4 /* SettingsView.swift */,
			);
			path = Views;
			sourceTree = "<group>";
		};
		7410085029734F710054A4D4 /* Models */ = {
			isa = PBXGroup;
			children = (
				7410085129734F840054A4D4 /* ItemModel.swift */,
				7410085929748FEA0054A4D4 /* IndexedPriorityQueueModel.swift */,
				741008672974F4A30054A4D4 /* CategoryModel.swift */,
			);
			path = Models;
			sourceTree = "<group>";
		};
		7410085429735D690054A4D4 /* ViewModels */ = {
			isa = PBXGroup;
			children = (
				7410085529735D990054A4D4 /* ListViewModel.swift */,
				741008692974F6890054A4D4 /* CategoryViewModel.swift */,
			);
			path = ViewModels;
			sourceTree = "<group>";
		};
/* End PBXGroup section */

/* Begin PBXNativeTarget section */
		741008342973462C0054A4D4 /* PQTD */ = {
			isa = PBXNativeTarget;
			buildConfigurationList = 741008432973462D0054A4D4 /* Build configuration list for PBXNativeTarget "PQTD" */;
			buildPhases = (
				741008312973462C0054A4D4 /* Sources */,
				741008322973462C0054A4D4 /* Frameworks */,
				741008332973462C0054A4D4 /* Resources */,
			);
			buildRules = (
			);
			dependencies = (
			);
			name = PQTD;
			productName = PQTD;
			productReference = 741008352973462C0054A4D4 /* PQTD.app */;
			productType = "com.apple.product-type.application";
		};
/* End PBXNativeTarget section */

/* Begin PBXProject section */
		7410082D2973462C0054A4D4 /* Project object */ = {
			isa = PBXProject;
			attributes = {
				BuildIndependentTargetsInParallel = 1;
				LastSwiftUpdateCheck = 1420;
				LastUpgradeCheck = 1420;
				TargetAttributes = {
					741008342973462C0054A4D4 = {
						CreatedOnToolsVersion = 14.2;
					};
				};
			};
			buildConfigurationList = 741008302973462C0054A4D4 /* Build configuration list for PBXProject "PQTD" */;
			compatibilityVersion = "Xcode 14.0";
			developmentRegion = en;
			hasScannedForEncodings = 0;
			knownRegions = (
				en,
				Base,
			);
			mainGroup = 7410082C2973462C0054A4D4;
			productRefGroup = 741008362973462C0054A4D4 /* Products */;
			projectDirPath = "";
			projectRoot = "";
			targets = (
				741008342973462C0054A4D4 /* PQTD */,
			);
		};
/* End PBXProject section */

/* Begin PBXResourcesBuildPhase section */
		741008332973462C0054A4D4 /* Resources */ = {
			isa = PBXResourcesBuildPhase;
			buildActionMask = 2147483647;
			files = (
				7410085E2974E9E50054A4D4 /* LaunchScreen.storyboard in Resources */,
				741008402973462D0054A4D4 /* Preview Assets.xcassets in Resources */,
				7410083D2973462D0054A4D4 /* Assets.xcassets in Resources */,
			);
			runOnlyForDeploymentPostprocessing = 0;
		};
/* End PBXResourcesBuildPhase section */

/* Begin PBXSourcesBuildPhase section */
		741008312973462C0054A4D4 /* Sources */ = {
			isa = PBXSourcesBuildPhase;
			buildActionMask = 2147483647;
			files = (
				7410086A2974F6890054A4D4 /* CategoryViewModel.swift in Sources */,
				741008682974F4A30054A4D4 /* CategoryModel.swift in Sources */,
				741008622974F25A0054A4D4 /* TimerView.swift in Sources */,
				7410085A29748FEA0054A4D4 /* IndexedPriorityQueueModel.swift in Sources */,
				7410085629735D990054A4D4 /* ListViewModel.swift in Sources */,
				7410085229734F840054A4D4 /* ItemModel.swift in Sources */,
				7410085829735E250054A4D4 /* ListView.swift in Sources */,
				7410084F29734A780054A4D4 /* AddTaskView.swift in Sources */,
				741008662974F4860054A4D4 /* AddCategoryView.swift in Sources */,
				741008392973462C0054A4D4 /* PQTDApp.swift in Sources */,
				7410085C2974E0680054A4D4 /* NoItemsView.swift in Sources */,
				741008602974ED2F0054A4D4 /* BottomTabView.swift in Sources */,
				7410084D297348260054A4D4 /* ListRowView.swift in Sources */,
				741008642974F4430054A4D4 /* SettingsView.swift in Sources */,
			);
			runOnlyForDeploymentPostprocessing = 0;
		};
/* End PBXSourcesBuildPhase section */

/* Begin XCBuildConfiguration section */
		741008412973462D0054A4D4 /* Debug */ = {
			isa = XCBuildConfiguration;
			buildSettings = {
				ALWAYS_SEARCH_USER_PATHS = NO;
				CLANG_ANALYZER_NONNULL = YES;
				CLANG_ANALYZER_NUMBER_OBJECT_CONVERSION = YES_AGGRESSIVE;
				CLANG_CXX_LANGUAGE_STANDARD = "gnu++20";
				CLANG_ENABLE_MODULES = YES;
				CLANG_ENABLE_OBJC_ARC = YES;
				CLANG_ENABLE_OBJC_WEAK = YES;
				CLANG_WARN_BLOCK_CAPTURE_AUTORELEASING = YES;
				CLANG_WARN_BOOL_CONVERSION = YES;
				CLANG_WARN_COMMA = YES;
				CLANG_WARN_CONSTANT_CONVERSION = YES;
				CLANG_WARN_DEPRECATED_OBJC_IMPLEMENTATIONS = YES;
				CLANG_WARN_DIRECT_OBJC_ISA_USAGE = YES_ERROR;
				CLANG_WARN_DOCUMENTATION_COMMENTS = YES;
				CLANG_WARN_EMPTY_BODY = YES;
				CLANG_WARN_ENUM_CONVERSION = YES;
				CLANG_WARN_INFINITE_RECURSION = YES;
				CLANG_WARN_INT_CONVERSION = YES;
				CLANG_WARN_NON_LITERAL_NULL_CONVERSION = YES;
				CLANG_WARN_OBJC_IMPLICIT_RETAIN_SELF = YES;
				CLANG_WARN_OBJC_LITERAL_CONVERSION = YES;
				CLANG_WARN_OBJC_ROOT_CLASS = YES_ERROR;
				CLANG_WARN_QUOTED_INCLUDE_IN_FRAMEWORK_HEADER = YES;
				CLANG_WARN_RANGE_LOOP_ANALYSIS = YES;
				CLANG_WARN_STRICT_PROTOTYPES = YES;
				CLANG_WARN_SUSPICIOUS_MOVE = YES;
				CLANG_WARN_UNGUARDED_AVAILABILITY = YES_AGGRESSIVE;
				CLANG_WARN_UNREACHABLE_CODE = YES;
				CLANG_WARN__DUPLICATE_METHOD_MATCH = YES;
				COPY_PHASE_STRIP = NO;
				DEBUG_INFORMATION_FORMAT = dwarf;
				ENABLE_STRICT_OBJC_MSGSEND = YES;
				ENABLE_TESTABILITY = YES;
				GCC_C_LANGUAGE_STANDARD = gnu11;
				GCC_DYNAMIC_NO_PIC = NO;
				GCC_NO_COMMON_BLOCKS = YES;
				GCC_OPTIMIZATION_LEVEL = 0;
				GCC_PREPROCESSOR_DEFINITIONS = (
					"DEBUG=1",
					"$(inherited)",
				);
				GCC_WARN_64_TO_32_BIT_CONVERSION = YES;
				GCC_WARN_ABOUT_RETURN_TYPE = YES_ERROR;
				GCC_WARN_UNDECLARED_SELECTOR = YES;
				GCC_WARN_UNINITIALIZED_AUTOS = YES_AGGRESSIVE;
				GCC_WARN_UNUSED_FUNCTION = YES;
				GCC_WARN_UNUSED_VARIABLE = YES;
				IPHONEOS_DEPLOYMENT_TARGET = 16.2;
				MTL_ENABLE_DEBUG_INFO = INCLUDE_SOURCE;
				MTL_FAST_MATH = YES;
				ONLY_ACTIVE_ARCH = YES;
				SDKROOT = iphoneos;
				SWIFT_ACTIVE_COMPILATION_CONDITIONS = DEBUG;
				SWIFT_OPTIMIZATION_LEVEL = "-Onone";
			};
			name = Debug;
		};
		741008422973462D0054A4D4 /* Release */ = {
			isa = XCBuildConfiguration;
			buildSettings = {
				ALWAYS_SEARCH_USER_PATHS = NO;
				CLANG_ANALYZER_NONNULL = YES;
				CLANG_ANALYZER_NUMBER_OBJECT_CONVERSION = YES_AGGRESSIVE;
				CLANG_CXX_LANGUAGE_STANDARD = "gnu++20";
				CLANG_ENABLE_MODULES = YES;
				CLANG_ENABLE_OBJC_ARC = YES;
				CLANG_ENABLE_OBJC_WEAK = YES;
				CLANG_WARN_BLOCK_CAPTURE_AUTORELEASING = YES;
				CLANG_WARN_BOOL_CONVERSION = YES;
				CLANG_WARN_COMMA = YES;
				CLANG_WARN_CONSTANT_CONVERSION = YES;
				CLANG_WARN_DEPRECATED_OBJC_IMPLEMENTATIONS = YES;
				CLANG_WARN_DIRECT_OBJC_ISA_USAGE = YES_ERROR;
				CLANG_WARN_DOCUMENTATION_COMMENTS = YES;
				CLANG_WARN_EMPTY_BODY = YES;
				CLANG_WARN_ENUM_CONVERSION = YES;
				CLANG_WARN_INFINITE_RECURSION = YES;
				CLANG_WARN_INT_CONVERSION = YES;
				CLANG_WARN_NON_LITERAL_NULL_CONVERSION = YES;
				CLANG_WARN_OBJC_IMPLICIT_RETAIN_SELF = YES;
				CLANG_WARN_OBJC_LITERAL_CONVERSION = YES;
				CLANG_WARN_OBJC_ROOT_CLASS = YES_ERROR;
				CLANG_WARN_QUOTED_INCLUDE_IN_FRAMEWORK_HEADER = YES;
				CLANG_WARN_RANGE_LOOP_ANALYSIS = YES;
				CLANG_WARN_STRICT_PROTOTYPES = YES;
				CLANG_WARN_SUSPICIOUS_MOVE = YES;
				CLANG_WARN_UNGUARDED_AVAILABILITY = YES_AGGRESSIVE;
				CLANG_WARN_UNREACHABLE_CODE = YES;
				CLANG_WARN__DUPLICATE_METHOD_MATCH = YES;
				COPY_PHASE_STRIP = NO;
				DEBUG_INFORMATION_FORMAT = "dwarf-with-dsym";
				ENABLE_NS_ASSERTIONS = NO;
				ENABLE_STRICT_OBJC_MSGSEND = YES;
				GCC_C_LANGUAGE_STANDARD = gnu11;
				GCC_NO_COMMON_BLOCKS = YES;
				GCC_WARN_64_TO_32_BIT_CONVERSION = YES;
				GCC_WARN_ABOUT_RETURN_TYPE = YES_ERROR;
				GCC_WARN_UNDECLARED_SELECTOR = YES;
				GCC_WARN_UNINITIALIZED_AUTOS = YES_AGGRESSIVE;
				GCC_WARN_UNUSED_FUNCTION = YES;
				GCC_WARN_UNUSED_VARIABLE = YES;
				IPHONEOS_DEPLOYMENT_TARGET = 16.2;
				MTL_ENABLE_DEBUG_INFO = NO;
				MTL_FAST_MATH = YES;
				SDKROOT = iphoneos;
				SWIFT_COMPILATION_MODE = wholemodule;
				SWIFT_OPTIMIZATION_LEVEL = "-O";
				VALIDATE_PRODUCT = YES;
			};
			name = Release;
		};
		741008442973462D0054A4D4 /* Debug */ = {
			isa = XCBuildConfiguration;
			buildSettings = {
				ASSETCATALOG_COMPILER_APPICON_NAME = AppIcon;
				ASSETCATALOG_COMPILER_GLOBAL_ACCENT_COLOR_NAME = AccentColor;
				CODE_SIGN_STYLE = Automatic;
				CURRENT_PROJECT_VERSION = 1;
				DEVELOPMENT_ASSET_PATHS = "\"PQTD/Preview Content\"";
				DEVELOPMENT_TEAM = ULXH265SZ7;
				ENABLE_PREVIEWS = YES;
				GENERATE_INFOPLIST_FILE = YES;
				INFOPLIST_KEY_UIApplicationSceneManifest_Generation = YES;
				INFOPLIST_KEY_UIApplicationSupportsIndirectInputEvents = YES;
				INFOPLIST_KEY_UILaunchScreen_Generation = YES;
				INFOPLIST_KEY_UILaunchStoryboardName = LaunchScreen.storyboard;
				INFOPLIST_KEY_UISupportedInterfaceOrientations_iPad = "UIInterfaceOrientationPortrait UIInterfaceOrientationPortraitUpsideDown UIInterfaceOrientationLandscapeLeft UIInterfaceOrientationLandscapeRight";
				INFOPLIST_KEY_UISupportedInterfaceOrientations_iPhone = "UIInterfaceOrientationPortrait UIInterfaceOrientationLandscapeLeft UIInterfaceOrientationLandscapeRight";
				LD_RUNPATH_SEARCH_PATHS = (
					"$(inherited)",
					"@executable_path/Frameworks",
				);
				MARKETING_VERSION = 1.0;
				PRODUCT_BUNDLE_IDENTIFIER = com.pqtd.PQTD;
				PRODUCT_NAME = "$(TARGET_NAME)";
				SWIFT_EMIT_LOC_STRINGS = YES;
				SWIFT_VERSION = 5.0;
				TARGETED_DEVICE_FAMILY = "1,2";
			};
			name = Debug;
		};
		741008452973462D0054A4D4 /* Release */ = {
			isa = XCBuildConfiguration;
			buildSettings = {
				ASSETCATALOG_COMPILER_APPICON_NAME = AppIcon;
				ASSETCATALOG_COMPILER_GLOBAL_ACCENT_COLOR_NAME = AccentColor;
				CODE_SIGN_STYLE = Automatic;
				CURRENT_PROJECT_VERSION = 1;
				DEVELOPMENT_ASSET_PATHS = "\"PQTD/Preview Content\"";
				DEVELOPMENT_TEAM = ULXH265SZ7;
				ENABLE_PREVIEWS = YES;
				GENERATE_INFOPLIST_FILE = YES;
				INFOPLIST_KEY_UIApplicationSceneManifest_Generation = YES;
				INFOPLIST_KEY_UIApplicationSupportsIndirectInputEvents = YES;
				INFOPLIST_KEY_UILaunchScreen_Generation = YES;
				INFOPLIST_KEY_UILaunchStoryboardName = LaunchScreen.storyboard;
				INFOPLIST_KEY_UISupportedInterfaceOrientations_iPad = "UIInterfaceOrientationPortrait UIInterfaceOrientationPortraitUpsideDown UIInterfaceOrientationLandscapeLeft UIInterfaceOrientationLandscapeRight";
				INFOPLIST_KEY_UISupportedInterfaceOrientations_iPhone = "UIInterfaceOrientationPortrait UIInterfaceOrientationLandscapeLeft UIInterfaceOrientationLandscapeRight";
				LD_RUNPATH_SEARCH_PATHS = (
					"$(inherited)",
					"@executable_path/Frameworks",
				);
				MARKETING_VERSION = 1.0;
				PRODUCT_BUNDLE_IDENTIFIER = com.pqtd.PQTD;
				PRODUCT_NAME = "$(TARGET_NAME)";
				SWIFT_EMIT_LOC_STRINGS = YES;
				SWIFT_VERSION = 5.0;
				TARGETED_DEVICE_FAMILY = "1,2";
			};
			name = Release;
		};
/* End XCBuildConfiguration section */

/* Begin XCConfigurationList section */
		741008302973462C0054A4D4 /* Build configuration list for PBXProject "PQTD" */ = {
			isa = XCConfigurationList;
			buildConfigurations = (
				741008412973462D0054A4D4 /* Debug */,
				741008422973462D0054A4D4 /* Release */,
			);
			defaultConfigurationIsVisible = 0;
			defaultConfigurationName = Release;
		};
		741008432973462D0054A4D4 /* Build configuration list for PBXNativeTarget "PQTD" */ = {
			isa = XCConfigurationList;
			buildConfigurations = (
				741008442973462D0054A4D4 /* Debug */,
				741008452973462D0054A4D4 /* Release */,
			);
			defaultConfigurationIsVisible = 0;
			defaultConfigurationName = Release;
		};
/* End XCConfigurationList section */
	};
	rootObject = 7410082D2973462C0054A4D4 /* Project object */;
}
